{
  "name": "madladsquad-site",
  "lockfileVersion": 3,
  "requires": true,
  "packages": {
    "": {
      "name": "madladsquad-site",
      "license": "MIT",
      "dependencies": {
        "@fontsource/jetbrains-mono": "^5.3.0",
        "@fontsource/ubuntu": "^5.3.0",
        "@twemoji/api": "15.0.3",
        "@twemoji/svg": "15.0.0",
        "highlight.js": "^11.12.0"
      }
    },
    "node_modules/@fontsource/jetbrains-mono": {
      "version": "5.3.0",
      "resolved": "https://registry.npmjs.org/@fontsource/jetbrains-mono/-/jetbrains-mono-5.3.0.tgz",
      "integrity": "sha512-fqDfB5I9f1p1TV486aUgB9t8zP84P0O1FtQR5Ol9vjwPy+S+EIGlVYm1cvj2W5shcZMTg2nZFdVMoH5wFu8a1A==",
      "license": "OFL-1.1",
      "funding": {
        "url": "https://github.com/sponsors/ayuhito"
      }
    },
    "node_modules/@fontsource/ubuntu": {
      "version": "5.3.0",
      "resolved": "https://registry.npmjs.org/@fontsource/ubuntu/-/ubuntu-5.3.0.tgz",
      "integrity": "sha512-LsjJXgE430QLs8LKfn1RIFbbdGAiZBU1gao8ASa4Z2kGNGh7lMb7Rzx09v3bLLuuK+3XA/JSLgPWTAbLD6r1fg==",
      "license": "UFL-1.0",
      "funding": {
        "url": "https://github.com/sponsors/ayuhito"
      }
    },
    "node_modules/@twemoji/api": {
      "version": "15.0.3",
      "resolved": "https://registry.npmjs.org/@twemoji/api/-/api-15.0.3.tgz",
      "integrity": "sha512-BI+4nY1o3NAtsMpSTXW2nNjlpanYZ3ndVhslxmGplahO7fgxqWrtAezBs5Yze7vbT98BVx8krJSpr6qJMgYCWw==",
      "license": "MIT AND CC-BY-4.0",
      "dependencies": {
        "@twemoji/parser": "15.0.0",
        "fs-extra": "^8.0.1",
        "jsonfile": "^5.0.0",
        "universalify": "^0.1.2"
      }
    },
    "node_modules/@twemoji/parser": {
      "version": "15.0.0",
      "resolved": "https://registry.npmjs.org/@twemoji/parser/-/parser-15.0.0.tgz",
      "integrity": "sha512-lh9515BNsvKSNvyUqbj5yFu83iIDQ77SwVcsN/SnEGawczhsKU6qWuogewN1GweTi5Imo5ToQ9s+nNTf97IXvg==",
      "license": "MIT"
    },
    "node_modules/@twemoji/svg": {
      "version": "15.0.0",
      "resolved": "https://registry.npmjs.org/@twemoji/svg/-/svg-15.0.0.tgz",
      "integrity": "sha512-ZSPef2B6nBaYnfgdTbAy4jgW95o7pi2xPGwGCU+WMTxo7J6B1lMPTWwSq/wTuiMq+N0khQ90CcvYp1wFoQpo/w==",
      "license": "MIT"
    },
    "node_modules/fs-extra": {
      "version": "8.1.0",
      "resolved": "https://registry.npmjs.org/fs-extra/-/fs-extra-8.1.0.tgz",
      "integrity": "sha512-yhlQgA6mnOJUKOsRUFsgJdQCvkKhcz8tlZG5HBQfReYZy46OwLcY+Zia0mtdHsOo9y/hP+CxMN0TU9QxoOtG4g==",
      "license": "MIT",
      "dependencies": {
        "graceful-fs": "^4.2.0",
        "jsonfile": "^4.0.0",
        "universalify": "^0.1.0"
      },
      "engines": {
        "node": ">=6 <7 || >=8"
      }
    },
    "node_modules/fs-extra/node_modules/jsonfile": {
      "version": "4.0.0",
      "resolved": "https://registry.npmjs.org/jsonfile/-/jsonfile-4.0.0.tgz",
      "integrity": "sha512-m6F1R3z8jjlf2imQHS2Qez5sjKWQzbuuhuJ/FKYFRZvPE3PuHcSMVZzfsLhGVOkfd20obL5SWEBew5ShlquNxg==",
      "license": "MIT",
      "optionalDependencies": {
        "graceful-fs": "^4.1.6"
      }
    },
    "node_modules/graceful-fs": {
      "version": "4.2.11",
      "resolved": "https://registry.npmjs.org/graceful-fs/-/graceful-fs-4.2.11.tgz",
      "integrity": "sha512-RbJ5/jmFcNNCcDV5o9eTnBLJ/HszWV0P73bc+Ff4nS/rJj+YaS6IGyiOL0VoBYX+l1Wrl3k63h/KrH+nhJ0XvQ==",
      "license": "ISC"
    },
    "node_modules/highlight.js": {
      "version": "11.12.0",
      "resolved": "https://registry.npmjs.org/highlight.js/-/highlight.js-11.12.0.tgz",
      "integrity": "sha512-nbfWpyRMcMrPMmDwJB+dhX/eiaPKtc2RB+0QZskqJ3WjRA/FDS0e9hZrx8EC/lbEv8gXy98FcDbNa/dspAaJMg==",
      "license": "BSD-3-Clause",
      "engines": {
        "node": ">=12.0.0"
      }
    },
    "node_modules/jsonfile": {
      "version": "5.0.0",
      "resolved": "https://registry.npmjs.org/jsonfile/-/jsonfile-5.0.0.tgz",
      "integrity": "sha512-NQRZ5CRo74MhMMC3/3r5g2k4fjodJ/wh8MxjFbCViWKFjxrnudWSY5vomh+23ZaXzAS7J3fBZIR2dV6WbmfM0w==",
      "license": "MIT",
      "dependencies": {
        "universalify": "^0.1.2"
      },
      "optionalDependencies": {
        "graceful-fs": "^4.1.6"
      }
    },
    "node_modules/universalify": {
      "version": "0.1.2",
      "resolved": "https://registry.npmjs.org/universalify/-/universalify-0.1.2.tgz",
      "integrity": "sha512-rBJeI5CXAlmy1pV+617WB9J63U6XcazHHF2f2dbJix4XzpUF0RS3Zbj0FGIOCAva5P/d/GBOYaACQ1w+0azUkg==",
      "license": "MIT",
      "engines": {
        "node": ">= 4.0.0"
      }
    }
  }
}
